// !$*UTF8*$!
{
	archiveVersion = 1;
	classes = {
	};
	objectVersion = 50;
	objects = {

/* Begin PBXBuildFile section */
		CD16E6602117550D00587841 /* AppDelegate.swift in Sources */ = {isa = PBXBuildFile; fileRef = CD16E65F2117550D00587841 /* AppDelegate.swift */; };
		CD16E6622117550D00587841 /* ViewController.swift in Sources */ = {isa = PBXBuildFile; fileRef = CD16E6612117550D00587841 /* ViewController.swift */; };
		CD16E6652117550D00587841 /* Main.storyboard in Resources */ = {isa = PBXBuildFile; fileRef = CD16E6632117550D00587841 /* Main.storyboard */; };
		CD16E6672117550E00587841 /* Assets.xcassets in Resources */ = {isa = PBXBuildFile; fileRef = CD16E6662117550E00587841 /* Assets.xcassets */; };
		CD16E66A2117550E00587841 /* LaunchScreen.storyboard in Resources */ = {isa = PBXBuildFile; fileRef = CD16E6682117550E00587841 /* LaunchScreen.storyboard */; };
		CD16E6722117553C00587841 /* Bus.swift in Sources */ = {isa = PBXBuildFile; fileRef = CD16E6712117553C00587841 /* Bus.swift */; };
		CD16E6742117557000587841 /* BusAtStop.swift in Sources */ = {isa = PBXBuildFile; fileRef = CD16E6732117557000587841 /* BusAtStop.swift */; };
		CD16E6762117558C00587841 /* BusLine.swift in Sources */ = {isa = PBXBuildFile; fileRef = CD16E6752117558C00587841 /* BusLine.swift */; };
		CD16E6782117559F00587841 /* BusStop.swift in Sources */ = {isa = PBXBuildFile; fileRef = CD16E6772117559F00587841 /* BusStop.swift */; };
		CD16E67A2117562300587841 /* BusLineFromBusDiscoveryLine.swift in Sources */ = {isa = PBXBuildFile; fileRef = CD16E6792117562300587841 /* BusLineFromBusDiscoveryLine.swift */; };
		CDC7AD6B211917B0008EF500 /* BusLineViewController.swift in Sources */ = {isa = PBXBuildFile; fileRef = CDC7AD6A211917B0008EF500 /* BusLineViewController.swift */; };
		CDDF5BCC211759AD00BEEA2B /* BusLineCell.swift in Sources */ = {isa = PBXBuildFile; fileRef = CDDF5BCB211759AD00BEEA2B /* BusLineCell.swift */; };
/* End PBXBuildFile section */

/* Begin PBXFileReference section */
		CD16E65C2117550D00587841 /* travel-iOS.app */ = {isa = PBXFileReference; explicitFileType = wrapper.application; includeInIndex = 0; path = "travel-iOS.app"; sourceTree = BUILT_PRODUCTS_DIR; };
		CD16E65F2117550D00587841 /* AppDelegate.swift */ = {isa = PBXFileReference; lastKnownFileType = sourcecode.swift; path = AppDelegate.swift; sourceTree = "<group>"; };
		CD16E6612117550D00587841 /* ViewController.swift */ = {isa = PBXFileReference; lastKnownFileType = sourcecode.swift; path = ViewController.swift; sourceTree = "<group>"; };
		CD16E6642117550D00587841 /* Base */ = {isa = PBXFileReference; lastKnownFileType = file.storyboard; name = Base; path = Base.lproj/Main.storyboard; sourceTree = "<group>"; };
		CD16E6662117550E00587841 /* Assets.xcassets */ = {isa = PBXFileReference; lastKnownFileType = folder.assetcatalog; path = Assets.xcassets; sourceTree = "<group>"; };
		CD16E6692117550E00587841 /* Base */ = {isa = PBXFileReference; lastKnownFileType = file.storyboard; name = Base; path = Base.lproj/LaunchScreen.storyboard; sourceTree = "<group>"; };
		CD16E66B2117550E00587841 /* Info.plist */ = {isa = PBXFileReference; lastKnownFileType = text.plist.xml; path = Info.plist; sourceTree = "<group>"; };
		CD16E6712117553C00587841 /* Bus.swift */ = {isa = PBXFileReference; lastKnownFileType = sourcecode.swift; path = Bus.swift; sourceTree = "<group>"; };
		CD16E6732117557000587841 /* BusAtStop.swift */ = {isa = PBXFileReference; lastKnownFileType = sourcecode.swift; path = BusAtStop.swift; sourceTree = "<group>"; };
		CD16E6752117558C00587841 /* BusLine.swift */ = {isa = PBXFileReference; lastKnownFileType = sourcecode.swift; path = BusLine.swift; sourceTree = "<group>"; };
		CD16E6772117559F00587841 /* BusStop.swift */ = {isa = PBXFileReference; lastKnownFileType = sourcecode.swift; path = BusStop.swift; sourceTree = "<group>"; };
		CD16E6792117562300587841 /* BusLineFromBusDiscoveryLine.swift */ = {isa = PBXFileReference; lastKnownFileType = sourcecode.swift; path = BusLineFromBusDiscoveryLine.swift; sourceTree = "<group>"; };
		CDC7AD6A211917B0008EF500 /* BusLineViewController.swift */ = {isa = PBXFileReference; lastKnownFileType = sourcecode.swift; path = BusLineViewController.swift; sourceTree = "<group>"; };
		CDDF5BCB211759AD00BEEA2B /* BusLineCell.swift */ = {isa = PBXFileReference; lastKnownFileType = sourcecode.swift; path = BusLineCell.swift; sourceTree = "<group>"; };
/* End PBXFileReference section */

/* Begin PBXFrameworksBuildPhase section */
		CD16E6592117550D00587841 /* Frameworks */ = {
			isa = PBXFrameworksBuildPhase;
			buildActionMask = 2147483647;
			files = (
			);
			runOnlyForDeploymentPostprocessing = 0;
		};
/* End PBXFrameworksBuildPhase section */

/* Begin PBXGroup section */
		CD16E6532117550D00587841 = {
			isa = PBXGroup;
			children = (
				CD16E65E2117550D00587841 /* travel-iOS */,
				CD16E65D2117550D00587841 /* Products */,
			);
			sourceTree = "<group>";
		};
		CD16E65D2117550D00587841 /* Products */ = {
			isa = PBXGroup;
			children = (
				CD16E65C2117550D00587841 /* travel-iOS.app */,
			);
			name = Products;
			sourceTree = "<group>";
		};
		CD16E65E2117550D00587841 /* travel-iOS */ = {
			isa = PBXGroup;
			children = (
				CD16E6712117553C00587841 /* Bus.swift */,
				CDDF5BCB211759AD00BEEA2B /* BusLineCell.swift */,
				CD16E65F2117550D00587841 /* AppDelegate.swift */,
				CD16E6612117550D00587841 /* ViewController.swift */,
				CD16E6792117562300587841 /* BusLineFromBusDiscoveryLine.swift */,
				CD16E6632117550D00587841 /* Main.storyboard */,
				CDC7AD6A211917B0008EF500 /* BusLineViewController.swift */,
				CD16E6662117550E00587841 /* Assets.xcassets */,
				CD16E6682117550E00587841 /* LaunchScreen.storyboard */,
				CD16E66B2117550E00587841 /* Info.plist */,
				CD16E6732117557000587841 /* BusAtStop.swift */,
				CD16E6752117558C00587841 /* BusLine.swift */,
				CD16E6772117559F00587841 /* BusStop.swift */,
			);
			path = "travel-iOS";
			sourceTree = "<group>";
		};
/* End PBXGroup section */

/* Begin PBXNativeTarget section */
		CD16E65B2117550D00587841 /* travel-iOS */ = {
			isa = PBXNativeTarget;
			buildConfigurationList = CD16E66E2117550E00587841 /* Build configuration list for PBXNativeTarget "travel-iOS" */;
			buildPhases = (
				CD16E6582117550D00587841 /* Sources */,
				CD16E6592117550D00587841 /* Frameworks */,
				CD16E65A2117550D00587841 /* Resources */,
			);
			buildRules = (
			);
			dependencies = (
			);
			name = "travel-iOS";
			productName = "travel-iOS";
			productReference = CD16E65C2117550D00587841 /* travel-iOS.app */;
			productType = "com.apple.product-type.application";
		};
/* End PBXNativeTarget section */

/* Begin PBXProject section */
		CD16E6542117550D00587841 /* Project object */ = {
			isa = PBXProject;
			attributes = {
				LastSwiftUpdateCheck = 0940;
				LastUpgradeCheck = 0940;
				ORGANIZATIONNAME = "Patrick Weaver";
				TargetAttributes = {
					CD16E65B2117550D00587841 = {
						CreatedOnToolsVersion = 9.4.1;
					};
				};
			};
			buildConfigurationList = CD16E6572117550D00587841 /* Build configuration list for PBXProject "travel-iOS" */;
			compatibilityVersion = "Xcode 9.3";
			developmentRegion = en;
			hasScannedForEncodings = 0;
			knownRegions = (
				en,
				Base,
			);
			mainGroup = CD16E6532117550D00587841;
			productRefGroup = CD16E65D2117550D00587841 /* Products */;
			projectDirPath = "";
			projectRoot = "";
			targets = (
				CD16E65B2117550D00587841 /* travel-iOS */,
			);
		};
/* End PBXProject section */

/* Begin PBXResourcesBuildPhase section */
		CD16E65A2117550D00587841 /* Resources */ = {
			isa = PBXResourcesBuildPhase;
			buildActionMask = 2147483647;
			files = (
				CD16E66A2117550E00587841 /* LaunchScreen.storyboard in Resources */,
				CD16E6672117550E00587841 /* Assets.xcassets in Resources */,
				CD16E6652117550D00587841 /* Main.storyboard in Resources */,
			);
			runOnlyForDeploymentPostprocessing = 0;
		};
/* End PBXResourcesBuildPhase section */

/* Begin PBXSourcesBuildPhase section */
		CD16E6582117550D00587841 /* Sources */ = {
			isa = PBXSourcesBuildPhase;
			buildActionMask = 2147483647;
			files = (
				CD16E6782117559F00587841 /* BusStop.swift in Sources */,
				CDC7AD6B211917B0008EF500 /* BusLineViewController.swift in Sources */,
				CD16E6762117558C00587841 /* BusLine.swift in Sources */,
				CD16E67A2117562300587841 /* BusLineFromBusDiscoveryLine.swift in Sources */,
				CD16E6722117553C00587841 /* Bus.swift in Sources */,
				CD16E6622117550D00587841 /* ViewController.swift in Sources */,
				CD16E6602117550D00587841 /* AppDelegate.swift in Sources */,
				CDDF5BCC211759AD00BEEA2B /* BusLineCell.swift in Sources */,
				CD16E6742117557000587841 /* BusAtStop.swift in Sources */,
			);
			runOnlyForDeploymentPostprocessing = 0;
		};
/* End PBXSourcesBuildPhase section */

/* Begin PBXVariantGroup section */
		CD16E6632117550D00587841 /* Main.storyboard */ = {
			isa = PBXVariantGroup;
			children = (
				CD16E6642117550D00587841 /* Base */,
			);
			name = Main.storyboard;
			sourceTree = "<group>";
		};
		CD16E6682117550E00587841 /* LaunchScreen.storyboard */ = {
			isa = PBXVariantGroup;
			children = (
				CD16E6692117550E00587841 /* Base */,
			);
			name = LaunchScreen.storyboard;
			sourceTree = "<group>";
		};
/* End PBXVariantGroup section */

/* Begin XCBuildConfiguration section */
		CD16E66C2117550E00587841 /* Debug */ = {
			isa = XCBuildConfiguration;
			buildSettings = {
				ALWAYS_SEARCH_USER_PATHS = NO;
				CLANG_ANALYZER_NONNULL = YES;
				CLANG_ANALYZER_NUMBER_OBJECT_CONVERSION = YES_AGGRESSIVE;
				CLANG_CXX_LANGUAGE_STANDARD = "gnu++14";
				CLANG_CXX_LIBRARY = "libc++";
				CLANG_ENABLE_MODULES = YES;
				CLANG_ENABLE_OBJC_ARC = YES;
				CLANG_ENABLE_OBJC_WEAK = YES;
				CLANG_WARN_BLOCK_CAPTURE_AUTORELEASING = YES;
				CLANG_WARN_BOOL_CONVERSION = YES;
				CLANG_WARN_COMMA = YES;
				CLANG_WARN_CONSTANT_CONVERSION = YES;
				CLANG_WARN_DEPRECATED_OBJC_IMPLEMENTATIONS = YES;
				CLANG_WARN_DIRECT_OBJC_ISA_USAGE = YES_ERROR;
				CLANG_WARN_DOCUMENTATION_COMMENTS = YES;
				CLANG_WARN_EMPTY_BODY = YES;
				CLANG_WARN_ENUM_CONVERSION = YES;
				CLANG_WARN_INFINITE_RECURSION = YES;
				CLANG_WARN_INT_CONVERSION = YES;
				CLANG_WARN_NON_LITERAL_NULL_CONVERSION = YES;
				CLANG_WARN_OBJC_IMPLICIT_RETAIN_SELF = YES;
				CLANG_WARN_OBJC_LITERAL_CONVERSION = YES;
				CLANG_WARN_OBJC_ROOT_CLASS = YES_ERROR;
				CLANG_WARN_RANGE_LOOP_ANALYSIS = YES;
				CLANG_WARN_STRICT_PROTOTYPES = YES;
				CLANG_WARN_SUSPICIOUS_MOVE = YES;
				CLANG_WARN_UNGUARDED_AVAILABILITY = YES_AGGRESSIVE;
				CLANG_WARN_UNREACHABLE_CODE = YES;
				CLANG_WARN__DUPLICATE_METHOD_MATCH = YES;
				CODE_SIGN_IDENTITY = "iPhone Developer";
				COPY_PHASE_STRIP = NO;
				DEBUG_INFORMATION_FORMAT = dwarf;
				ENABLE_STRICT_OBJC_MSGSEND = YES;
				ENABLE_TESTABILITY = YES;
				GCC_C_LANGUAGE_STANDARD = gnu11;
				GCC_DYNAMIC_NO_PIC = NO;
				GCC_NO_COMMON_BLOCKS = YES;
				GCC_OPTIMIZATION_LEVEL = 0;
				GCC_PREPROCESSOR_DEFINITIONS = (
					"DEBUG=1",
					"$(inherited)",
				);
				GCC_WARN_64_TO_32_BIT_CONVERSION = YES;
				GCC_WARN_ABOUT_RETURN_TYPE = YES_ERROR;
				GCC_WARN_UNDECLARED_SELECTOR = YES;
				GCC_WARN_UNINITIALIZED_AUTOS = YES_AGGRESSIVE;
				GCC_WARN_UNUSED_FUNCTION = YES;
				GCC_WARN_UNUSED_VARIABLE = YES;
				IPHONEOS_DEPLOYMENT_TARGET = 11.4;
				MTL_ENABLE_DEBUG_INFO = YES;
				ONLY_ACTIVE_ARCH = YES;
				SDKROOT = iphoneos;
				SWIFT_ACTIVE_COMPILATION_CONDITIONS = DEBUG;
				SWIFT_OPTIMIZATION_LEVEL = "-Onone";
			};
			name = Debug;
		};
		CD16E66D2117550E00587841 /* Release */ = {
			isa = XCBuildConfiguration;
			buildSettings = {
				ALWAYS_SEARCH_USER_PATHS = NO;
				CLANG_ANALYZER_NONNULL = YES;
				CLANG_ANALYZER_NUMBER_OBJECT_CONVERSION = YES_AGGRESSIVE;
				CLANG_CXX_LANGUAGE_STANDARD = "gnu++14";
				CLANG_CXX_LIBRARY = "libc++";
				CLANG_ENABLE_MODULES = YES;
				CLANG_ENABLE_OBJC_ARC = YES;
				CLANG_ENABLE_OBJC_WEAK = YES;
				CLANG_WARN_BLOCK_CAPTURE_AUTORELEASING = YES;
				CLANG_WARN_BOOL_CONVERSION = YES;
				CLANG_WARN_COMMA = YES;
				CLANG_WARN_CONSTANT_CONVERSION = YES;
				CLANG_WARN_DEPRECATED_OBJC_IMPLEMENTATIONS = YES;
				CLANG_WARN_DIRECT_OBJC_ISA_USAGE = YES_ERROR;
				CLANG_WARN_DOCUMENTATION_COMMENTS = YES;
				CLANG_WARN_EMPTY_BODY = YES;
				CLANG_WARN_ENUM_CONVERSION = YES;
				CLANG_WARN_INFINITE_RECURSION = YES;
				CLANG_WARN_INT_CONVERSION = YES;
				CLANG_WARN_NON_LITERAL_NULL_CONVERSION = YES;
				CLANG_WARN_OBJC_IMPLICIT_RETAIN_SELF = YES;
				CLANG_WARN_OBJC_LITERAL_CONVERSION = YES;
				CLANG_WARN_OBJC_ROOT_CLASS = YES_ERROR;
				CLANG_WARN_RANGE_LOOP_ANALYSIS = YES;
				CLANG_WARN_STRICT_PROTOTYPES = YES;
				CLANG_WARN_SUSPICIOUS_MOVE = YES;
				CLANG_WARN_UNGUARDED_AVAILABILITY = YES_AGGRESSIVE;
				CLANG_WARN_UNREACHABLE_CODE = YES;
				CLANG_WARN__DUPLICATE_METHOD_MATCH = YES;
				CODE_SIGN_IDENTITY = "iPhone Developer";
				COPY_PHASE_STRIP = NO;
				DEBUG_INFORMATION_FORMAT = "dwarf-with-dsym";
				ENABLE_NS_ASSERTIONS = NO;
				ENABLE_STRICT_OBJC_MSGSEND = YES;
				GCC_C_LANGUAGE_STANDARD = gnu11;
				GCC_NO_COMMON_BLOCKS = YES;
				GCC_WARN_64_TO_32_BIT_CONVERSION = YES;
				GCC_WARN_ABOUT_RETURN_TYPE = YES_ERROR;
				GCC_WARN_UNDECLARED_SELECTOR = YES;
				GCC_WARN_UNINITIALIZED_AUTOS = YES_AGGRESSIVE;
				GCC_WARN_UNUSED_FUNCTION = YES;
				GCC_WARN_UNUSED_VARIABLE = YES;
				IPHONEOS_DEPLOYMENT_TARGET = 11.4;
				MTL_ENABLE_DEBUG_INFO = NO;
				SDKROOT = iphoneos;
				SWIFT_COMPILATION_MODE = wholemodule;
				SWIFT_OPTIMIZATION_LEVEL = "-O";
				VALIDATE_PRODUCT = YES;
			};
			name = Release;
		};
		CD16E66F2117550E00587841 /* Debug */ = {
			isa = XCBuildConfiguration;
			buildSettings = {
				ASSETCATALOG_COMPILER_APPICON_NAME = AppIcon;
				CODE_SIGN_STYLE = Automatic;
				DEVELOPMENT_TEAM = SPASYDRHQ5;
				INFOPLIST_FILE = "travel-iOS/Info.plist";
				LD_RUNPATH_SEARCH_PATHS = (
					"$(inherited)",
					"@executable_path/Frameworks",
				);
				PRODUCT_BUNDLE_IDENTIFIER = "com.patrickweaver.travel-iOS";
				PRODUCT_NAME = "$(TARGET_NAME)";
				SWIFT_VERSION = 4.0;
				TARGETED_DEVICE_FAMILY = "1,2";
			};
			name = Debug;
		};
		CD16E6702117550E00587841 /* Release */ = {
			isa = XCBuildConfiguration;
			buildSettings = {
				ASSETCATALOG_COMPILER_APPICON_NAME = AppIcon;
				CODE_SIGN_STYLE = Automatic;
				DEVELOPMENT_TEAM = SPASYDRHQ5;
				INFOPLIST_FILE = "travel-iOS/Info.plist";
				LD_RUNPATH_SEARCH_PATHS = (
					"$(inherited)",
					"@executable_path/Frameworks",
				);
				PRODUCT_BUNDLE_IDENTIFIER = "com.patrickweaver.travel-iOS";
				PRODUCT_NAME = "$(TARGET_NAME)";
				SWIFT_VERSION = 4.0;
				TARGETED_DEVICE_FAMILY = "1,2";
			};
			name = Release;
		};
/* End XCBuildConfiguration section */

/* Begin XCConfigurationList section */
		CD16E6572117550D00587841 /* Build configuration list for PBXProject "travel-iOS" */ = {
			isa = XCConfigurationList;
			buildConfigurations = (
				CD16E66C2117550E00587841 /* Debug */,
				CD16E66D2117550E00587841 /* Release */,
			);
			defaultConfigurationIsVisible = 0;
			defaultConfigurationName = Release;
		};
		CD16E66E2117550E00587841 /* Build configuration list for PBXNativeTarget "travel-iOS" */ = {
			isa = XCConfigurationList;
			buildConfigurations = (
				CD16E66F2117550E00587841 /* Debug */,
				CD16E6702117550E00587841 /* Release */,
			);
			defaultConfigurationIsVisible = 0;
			defaultConfigurationName = Release;
		};
/* End XCConfigurationList section */
	};
	rootObject = CD16E6542117550D00587841 /* Project object */;
}
